
Microsoft Visual Studio Solution File, Format Version 12.00
# Visual Studio Version 17
VisualStudioVersion = 17.1.32407.343
MinimumVisualStudioVersion = 10.0.40219.1
Project("{FAE04EC0-301F-11D3-BF4B-00C04F79EFBC}") = "EFContact", "EFContact\EFContact.csproj", "{31B5B175-7902-4587-B669-8B229690F521}"
EndProject
Global
	GlobalSection(SolutionConfigurationPlatforms) = preSolution
		Debug|Any CPU = Debug|Any CPU
		Release|Any CPU = Release|Any CPU
	EndGlobalSection
	GlobalSection(ProjectConfigurationPlatforms) = postSolution
		{31B5B175-7902-4587-B669-8B229690F521}.Debug|Any CPU.ActiveCfg = Debug|Any CPU
		{31B5B175-7902-4587-B669-8B229690F521}.Debug|Any CPU.Build.0 = Debug|Any CPU
		{31B5B175-7902-4587-B669-8B229690F521}.Release|Any CPU.ActiveCfg = Release|Any CPU
		{31B5B175-7902-4587-B669-8B229690F521}.Release|Any CPU.Build.0 = Release|Any CPU
	EndGlobalSection
	GlobalSection(SolutionProperties) = preSolution
		HideSolutionNode = FALSE
	EndGlobalSection
	GlobalSection(ExtensibilityGlobals) = postSolution
		SolutionGuid = {59489747-E0C6-4E44-A2F7-C859D08BFB61}
	EndGlobalSection
EndGlobal
